
Microsoft Visual Studio Solution File, Format Version 12.00
# Visual Studio Version 16
VisualStudioVersion = 16.0.30002.166
MinimumVisualStudioVersion = 10.0.40219.1
Project("{FAE04EC0-301F-11D3-BF4B-00C04F79EFBC}") = "CSGOBombTimer", "CSGOBombTimer\CSGOBombTimer.csproj", "{B09C0F7D-D654-44B4-81D1-D6209D3E94B2}"
EndProject
Global
	GlobalSection(SolutionConfigurationPlatforms) = preSolution
		Debug|Any CPU = Debug|Any CPU
		Release|Any CPU = Release|Any CPU
	EndGlobalSection
	GlobalSection(ProjectConfigurationPlatforms) = postSolution
		{B09C0F7D-D654-44B4-81D1-D6209D3E94B2}.Debug|Any CPU.ActiveCfg = Debug|Any CPU
		{B09C0F7D-D654-44B4-81D1-D6209D3E94B2}.Debug|Any CPU.Build.0 = Debug|Any CPU
		{B09C0F7D-D654-44B4-81D1-D6209D3E94B2}.Release|Any CPU.ActiveCfg = Release|Any CPU
		{B09C0F7D-D654-44B4-81D1-D6209D3E94B2}.Release|Any CPU.Build.0 = Release|Any CPU
	EndGlobalSection
	GlobalSection(SolutionProperties) = preSolution
		HideSolutionNode = FALSE
	EndGlobalSection
	GlobalSection(ExtensibilityGlobals) = postSolution
		SolutionGuid = {4D751EE2-69F3-4F96-B618-C1867CC082B5}
	EndGlobalSection
EndGlobal
